// !$*UTF8*$!
{
	archiveVersion = 1;
	classes = {
	};
	objectVersion = 56;
	objects = {

/* Begin PBXBuildFile section */
		2ABA76032C722B260019B2D9 /* NewsViewController.swift in Sources */ = {isa = PBXBuildFile; fileRef = 2ABA76022C722B260019B2D9 /* NewsViewController.swift */; };
		2ABA76052C722CD70019B2D9 /* DetailViewController.swift in Sources */ = {isa = PBXBuildFile; fileRef = 2ABA76042C722CD70019B2D9 /* DetailViewController.swift */; };
		2ABA76072C7245C30019B2D9 /* NewsTableViewCell.swift in Sources */ = {isa = PBXBuildFile; fileRef = 2ABA76062C7245C30019B2D9 /* NewsTableViewCell.swift */; };
		2AF999782C6F9D23006C9F68 /* AppDelegate.swift in Sources */ = {isa = PBXBuildFile; fileRef = 2AF999772C6F9D23006C9F68 /* AppDelegate.swift */; };
		2AF9997A2C6F9D23006C9F68 /* SceneDelegate.swift in Sources */ = {isa = PBXBuildFile; fileRef = 2AF999792C6F9D23006C9F68 /* SceneDelegate.swift */; };
		2AF9997F2C6F9D23006C9F68 /* Base in Resources */ = {isa = PBXBuildFile; fileRef = 2AF9997E2C6F9D23006C9F68 /* Base */; };
		2AF999822C6F9D23006C9F68 /* SteamFeeds.xcdatamodeld in Sources */ = {isa = PBXBuildFile; fileRef = 2AF999802C6F9D23006C9F68 /* SteamFeeds.xcdatamodeld */; };
		2AF999842C6F9D24006C9F68 /* Assets.xcassets in Resources */ = {isa = PBXBuildFile; fileRef = 2AF999832C6F9D24006C9F68 /* Assets.xcassets */; };
		2AF999872C6F9D24006C9F68 /* Base in Resources */ = {isa = PBXBuildFile; fileRef = 2AF999862C6F9D24006C9F68 /* Base */; };
		2AF999942C704C5D006C9F68 /* CoreDataController.swift in Sources */ = {isa = PBXBuildFile; fileRef = 2AF999932C704C5D006C9F68 /* CoreDataController.swift */; };
		2AF999972C7050CF006C9F68 /* SteamAPIService.swift in Sources */ = {isa = PBXBuildFile; fileRef = 2AF999962C7050CF006C9F68 /* SteamAPIService.swift */; };
		2AF999992C705390006C9F68 /* APIResponseGetAppList.swift in Sources */ = {isa = PBXBuildFile; fileRef = 2AF999982C705390006C9F68 /* APIResponseGetAppList.swift */; };
		2AF9999B2C7056F4006C9F68 /* FavoritedAppsViewController.swift in Sources */ = {isa = PBXBuildFile; fileRef = 2AF9999A2C7056F4006C9F68 /* FavoritedAppsViewController.swift */; };
		2AF9999D2C7057AB006C9F68 /* ExtensionViewController.swift in Sources */ = {isa = PBXBuildFile; fileRef = 2AF9999C2C7057AB006C9F68 /* ExtensionViewController.swift */; };
		2AF9999F2C70A3D2006C9F68 /* SettingViewController.swift in Sources */ = {isa = PBXBuildFile; fileRef = 2AF9999E2C70A3D2006C9F68 /* SettingViewController.swift */; };
		2AF999A22C70E1B5006C9F68 /* FavoritedAppTableViewCell.swift in Sources */ = {isa = PBXBuildFile; fileRef = 2AF999A12C70E1B5006C9F68 /* FavoritedAppTableViewCell.swift */; };
		2AF999A42C71DD4D006C9F68 /* AddNewViewController.swift in Sources */ = {isa = PBXBuildFile; fileRef = 2AF999A32C71DD4D006C9F68 /* AddNewViewController.swift */; };
		2AF999A62C71E3C8006C9F68 /* AddNewTableViewCell.swift in Sources */ = {isa = PBXBuildFile; fileRef = 2AF999A52C71E3C8006C9F68 /* AddNewTableViewCell.swift */; };
/* End PBXBuildFile section */

/* Begin PBXFileReference section */
		2ABA76022C722B260019B2D9 /* NewsViewController.swift */ = {isa = PBXFileReference; lastKnownFileType = sourcecode.swift; path = NewsViewController.swift; sourceTree = "<group>"; };
		2ABA76042C722CD70019B2D9 /* DetailViewController.swift */ = {isa = PBXFileReference; lastKnownFileType = sourcecode.swift; path = DetailViewController.swift; sourceTree = "<group>"; };
		2ABA76062C7245C30019B2D9 /* NewsTableViewCell.swift */ = {isa = PBXFileReference; lastKnownFileType = sourcecode.swift; path = NewsTableViewCell.swift; sourceTree = "<group>"; };
		2AF999742C6F9D23006C9F68 /* SteamFeeds.app */ = {isa = PBXFileReference; explicitFileType = wrapper.application; includeInIndex = 0; path = SteamFeeds.app; sourceTree = BUILT_PRODUCTS_DIR; };
		2AF999772C6F9D23006C9F68 /* AppDelegate.swift */ = {isa = PBXFileReference; lastKnownFileType = sourcecode.swift; path = AppDelegate.swift; sourceTree = "<group>"; };
		2AF999792C6F9D23006C9F68 /* SceneDelegate.swift */ = {isa = PBXFileReference; lastKnownFileType = sourcecode.swift; path = SceneDelegate.swift; sourceTree = "<group>"; };
		2AF9997E2C6F9D23006C9F68 /* Base */ = {isa = PBXFileReference; lastKnownFileType = file.storyboard; name = Base; path = Base.lproj/Main.storyboard; sourceTree = "<group>"; };
		2AF999812C6F9D23006C9F68 /* SteamFeeds.xcdatamodel */ = {isa = PBXFileReference; lastKnownFileType = wrapper.xcdatamodel; path = SteamFeeds.xcdatamodel; sourceTree = "<group>"; };
		2AF999832C6F9D24006C9F68 /* Assets.xcassets */ = {isa = PBXFileReference; lastKnownFileType = folder.assetcatalog; path = Assets.xcassets; sourceTree = "<group>"; };
		2AF999862C6F9D24006C9F68 /* Base */ = {isa = PBXFileReference; lastKnownFileType = file.storyboard; name = Base; path = Base.lproj/LaunchScreen.storyboard; sourceTree = "<group>"; };
		2AF999882C6F9D24006C9F68 /* Info.plist */ = {isa = PBXFileReference; lastKnownFileType = text.plist.xml; path = Info.plist; sourceTree = "<group>"; };
		2AF999932C704C5D006C9F68 /* CoreDataController.swift */ = {isa = PBXFileReference; lastKnownFileType = sourcecode.swift; path = CoreDataController.swift; sourceTree = "<group>"; };
		2AF999962C7050CF006C9F68 /* SteamAPIService.swift */ = {isa = PBXFileReference; lastKnownFileType = sourcecode.swift; path = SteamAPIService.swift; sourceTree = "<group>"; };
		2AF999982C705390006C9F68 /* APIResponseGetAppList.swift */ = {isa = PBXFileReference; lastKnownFileType = sourcecode.swift; path = APIResponseGetAppList.swift; sourceTree = "<group>"; };
		2AF9999A2C7056F4006C9F68 /* FavoritedAppsViewController.swift */ = {isa = PBXFileReference; lastKnownFileType = sourcecode.swift; path = FavoritedAppsViewController.swift; sourceTree = "<group>"; };
		2AF9999C2C7057AB006C9F68 /* ExtensionViewController.swift */ = {isa = PBXFileReference; lastKnownFileType = sourcecode.swift; path = ExtensionViewController.swift; sourceTree = "<group>"; };
		2AF9999E2C70A3D2006C9F68 /* SettingViewController.swift */ = {isa = PBXFileReference; lastKnownFileType = sourcecode.swift; path = SettingViewController.swift; sourceTree = "<group>"; };
		2AF999A12C70E1B5006C9F68 /* FavoritedAppTableViewCell.swift */ = {isa = PBXFileReference; lastKnownFileType = sourcecode.swift; path = FavoritedAppTableViewCell.swift; sourceTree = "<group>"; };
		2AF999A32C71DD4D006C9F68 /* AddNewViewController.swift */ = {isa = PBXFileReference; lastKnownFileType = sourcecode.swift; path = AddNewViewController.swift; sourceTree = "<group>"; };
		2AF999A52C71E3C8006C9F68 /* AddNewTableViewCell.swift */ = {isa = PBXFileReference; lastKnownFileType = sourcecode.swift; path = AddNewTableViewCell.swift; sourceTree = "<group>"; };
/* End PBXFileReference section */

/* Begin PBXFrameworksBuildPhase section */
		2AF999712C6F9D23006C9F68 /* Frameworks */ = {
			isa = PBXFrameworksBuildPhase;
			buildActionMask = 2147483647;
			files = (
			);
			runOnlyForDeploymentPostprocessing = 0;
		};
/* End PBXFrameworksBuildPhase section */

/* Begin PBXGroup section */
		2AF9996B2C6F9D23006C9F68 = {
			isa = PBXGroup;
			children = (
				2AF999762C6F9D23006C9F68 /* SteamFeeds */,
				2AF999752C6F9D23006C9F68 /* Products */,
			);
			sourceTree = "<group>";
		};
		2AF999752C6F9D23006C9F68 /* Products */ = {
			isa = PBXGroup;
			children = (
				2AF999742C6F9D23006C9F68 /* SteamFeeds.app */,
			);
			name = Products;
			sourceTree = "<group>";
		};
		2AF999762C6F9D23006C9F68 /* SteamFeeds */ = {
			isa = PBXGroup;
			children = (
				2AF999902C6F9F51006C9F68 /* Controller */,
				2AF9998F2C6F9F4A006C9F68 /* View */,
				2AF9998E2C6F9F44006C9F68 /* Model */,
				2AF999952C7050A4006C9F68 /* Services */,
				2AF999772C6F9D23006C9F68 /* AppDelegate.swift */,
				2AF999792C6F9D23006C9F68 /* SceneDelegate.swift */,
				2AF999832C6F9D24006C9F68 /* Assets.xcassets */,
				2AF999882C6F9D24006C9F68 /* Info.plist */,
			);
			path = SteamFeeds;
			sourceTree = "<group>";
		};
		2AF9998E2C6F9F44006C9F68 /* Model */ = {
			isa = PBXGroup;
			children = (
				2AF999A02C70E0CD006C9F68 /* Struct */,
				2AF999932C704C5D006C9F68 /* CoreDataController.swift */,
				2AF999802C6F9D23006C9F68 /* SteamFeeds.xcdatamodeld */,
			);
			path = Model;
			sourceTree = "<group>";
		};
		2AF9998F2C6F9F4A006C9F68 /* View */ = {
			isa = PBXGroup;
			children = (
				2AF9997D2C6F9D23006C9F68 /* Main.storyboard */,
				2AF999852C6F9D24006C9F68 /* LaunchScreen.storyboard */,
			);
			path = View;
			sourceTree = "<group>";
		};
		2AF999902C6F9F51006C9F68 /* Controller */ = {
			isa = PBXGroup;
			children = (
				2AF9999A2C7056F4006C9F68 /* FavoritedAppsViewController.swift */,
				2AF999A32C71DD4D006C9F68 /* AddNewViewController.swift */,
				2ABA76022C722B260019B2D9 /* NewsViewController.swift */,
				2ABA76042C722CD70019B2D9 /* DetailViewController.swift */,
				2AF9999E2C70A3D2006C9F68 /* SettingViewController.swift */,
				2AF9999C2C7057AB006C9F68 /* ExtensionViewController.swift */,
			);
			path = Controller;
			sourceTree = "<group>";
		};
		2AF999952C7050A4006C9F68 /* Services */ = {
			isa = PBXGroup;
			children = (
				2AF999962C7050CF006C9F68 /* SteamAPIService.swift */,
			);
			path = Services;
			sourceTree = "<group>";
		};
		2AF999A02C70E0CD006C9F68 /* Struct */ = {
			isa = PBXGroup;
			children = (
				2AF999982C705390006C9F68 /* APIResponseGetAppList.swift */,
				2AF999A12C70E1B5006C9F68 /* FavoritedAppTableViewCell.swift */,
				2AF999A52C71E3C8006C9F68 /* AddNewTableViewCell.swift */,
				2ABA76062C7245C30019B2D9 /* NewsTableViewCell.swift */,
			);
			path = Struct;
			sourceTree = "<group>";
		};
/* End PBXGroup section */

/* Begin PBXNativeTarget section */
		2AF999732C6F9D23006C9F68 /* SteamFeeds */ = {
			isa = PBXNativeTarget;
			buildConfigurationList = 2AF9998B2C6F9D24006C9F68 /* Build configuration list for PBXNativeTarget "SteamFeeds" */;
			buildPhases = (
				2AF999702C6F9D23006C9F68 /* Sources */,
				2AF999712C6F9D23006C9F68 /* Frameworks */,
				2AF999722C6F9D23006C9F68 /* Resources */,
			);
			buildRules = (
			);
			dependencies = (
			);
			name = SteamFeeds;
			productName = SteamFeeds;
			productReference = 2AF999742C6F9D23006C9F68 /* SteamFeeds.app */;
			productType = "com.apple.product-type.application";
		};
/* End PBXNativeTarget section */

/* Begin PBXProject section */
		2AF9996C2C6F9D23006C9F68 /* Project object */ = {
			isa = PBXProject;
			attributes = {
				BuildIndependentTargetsInParallel = 1;
				LastSwiftUpdateCheck = 1540;
				LastUpgradeCheck = 1540;
				TargetAttributes = {
					2AF999732C6F9D23006C9F68 = {
						CreatedOnToolsVersion = 15.4;
					};
				};
			};
			buildConfigurationList = 2AF9996F2C6F9D23006C9F68 /* Build configuration list for PBXProject "SteamFeeds" */;
			compatibilityVersion = "Xcode 14.0";
			developmentRegion = en;
			hasScannedForEncodings = 0;
			knownRegions = (
				en,
				Base,
			);
			mainGroup = 2AF9996B2C6F9D23006C9F68;
			productRefGroup = 2AF999752C6F9D23006C9F68 /* Products */;
			projectDirPath = "";
			projectRoot = "";
			targets = (
				2AF999732C6F9D23006C9F68 /* SteamFeeds */,
			);
		};
/* End PBXProject section */

/* Begin PBXResourcesBuildPhase section */
		2AF999722C6F9D23006C9F68 /* Resources */ = {
			isa = PBXResourcesBuildPhase;
			buildActionMask = 2147483647;
			files = (
				2AF999842C6F9D24006C9F68 /* Assets.xcassets in Resources */,
				2AF999872C6F9D24006C9F68 /* Base in Resources */,
				2AF9997F2C6F9D23006C9F68 /* Base in Resources */,
			);
			runOnlyForDeploymentPostprocessing = 0;
		};
/* End PBXResourcesBuildPhase section */

/* Begin PBXSourcesBuildPhase section */
		2AF999702C6F9D23006C9F68 /* Sources */ = {
			isa = PBXSourcesBuildPhase;
			buildActionMask = 2147483647;
			files = (
				2AF999A42C71DD4D006C9F68 /* AddNewViewController.swift in Sources */,
				2AF999822C6F9D23006C9F68 /* SteamFeeds.xcdatamodeld in Sources */,
				2ABA76072C7245C30019B2D9 /* NewsTableViewCell.swift in Sources */,
				2AF999A62C71E3C8006C9F68 /* AddNewTableViewCell.swift in Sources */,
				2AF999972C7050CF006C9F68 /* SteamAPIService.swift in Sources */,
				2AF999992C705390006C9F68 /* APIResponseGetAppList.swift in Sources */,
				2AF9999B2C7056F4006C9F68 /* FavoritedAppsViewController.swift in Sources */,
				2ABA76032C722B260019B2D9 /* NewsViewController.swift in Sources */,
				2AF9999D2C7057AB006C9F68 /* ExtensionViewController.swift in Sources */,
				2AF9999F2C70A3D2006C9F68 /* SettingViewController.swift in Sources */,
				2AF999A22C70E1B5006C9F68 /* FavoritedAppTableViewCell.swift in Sources */,
				2AF999942C704C5D006C9F68 /* CoreDataController.swift in Sources */,
				2AF999782C6F9D23006C9F68 /* AppDelegate.swift in Sources */,
				2AF9997A2C6F9D23006C9F68 /* SceneDelegate.swift in Sources */,
				2ABA76052C722CD70019B2D9 /* DetailViewController.swift in Sources */,
			);
			runOnlyForDeploymentPostprocessing = 0;
		};
/* End PBXSourcesBuildPhase section */

/* Begin PBXVariantGroup section */
		2AF9997D2C6F9D23006C9F68 /* Main.storyboard */ = {
			isa = PBXVariantGroup;
			children = (
				2AF9997E2C6F9D23006C9F68 /* Base */,
			);
			name = Main.storyboard;
			sourceTree = "<group>";
		};
		2AF999852C6F9D24006C9F68 /* LaunchScreen.storyboard */ = {
			isa = PBXVariantGroup;
			children = (
				2AF999862C6F9D24006C9F68 /* Base */,
			);
			name = LaunchScreen.storyboard;
			sourceTree = "<group>";
		};
/* End PBXVariantGroup section */

/* Begin XCBuildConfiguration section */
		2AF999892C6F9D24006C9F68 /* Debug */ = {
			isa = XCBuildConfiguration;
			buildSettings = {
				ALWAYS_SEARCH_USER_PATHS = NO;
				ASSETCATALOG_COMPILER_GENERATE_SWIFT_ASSET_SYMBOL_EXTENSIONS = YES;
				CLANG_ANALYZER_NONNULL = YES;
				CLANG_ANALYZER_NUMBER_OBJECT_CONVERSION = YES_AGGRESSIVE;
				CLANG_CXX_LANGUAGE_STANDARD = "gnu++20";
				CLANG_ENABLE_MODULES = YES;
				CLANG_ENABLE_OBJC_ARC = YES;
				CLANG_ENABLE_OBJC_WEAK = YES;
				CLANG_WARN_BLOCK_CAPTURE_AUTORELEASING = YES;
				CLANG_WARN_BOOL_CONVERSION = YES;
				CLANG_WARN_COMMA = YES;
				CLANG_WARN_CONSTANT_CONVERSION = YES;
				CLANG_WARN_DEPRECATED_OBJC_IMPLEMENTATIONS = YES;
				CLANG_WARN_DIRECT_OBJC_ISA_USAGE = YES_ERROR;
				CLANG_WARN_DOCUMENTATION_COMMENTS = YES;
				CLANG_WARN_EMPTY_BODY = YES;
				CLANG_WARN_ENUM_CONVERSION = YES;
				CLANG_WARN_INFINITE_RECURSION = YES;
				CLANG_WARN_INT_CONVERSION = YES;
				CLANG_WARN_NON_LITERAL_NULL_CONVERSION = YES;
				CLANG_WARN_OBJC_IMPLICIT_RETAIN_SELF = YES;
				CLANG_WARN_OBJC_LITERAL_CONVERSION = YES;
				CLANG_WARN_OBJC_ROOT_CLASS = YES_ERROR;
				CLANG_WARN_QUOTED_INCLUDE_IN_FRAMEWORK_HEADER = YES;
				CLANG_WARN_RANGE_LOOP_ANALYSIS = YES;
				CLANG_WARN_STRICT_PROTOTYPES = YES;
				CLANG_WARN_SUSPICIOUS_MOVE = YES;
				CLANG_WARN_UNGUARDED_AVAILABILITY = YES_AGGRESSIVE;
				CLANG_WARN_UNREACHABLE_CODE = YES;
				CLANG_WARN__DUPLICATE_METHOD_MATCH = YES;
				COPY_PHASE_STRIP = NO;
				DEBUG_INFORMATION_FORMAT = dwarf;
				ENABLE_STRICT_OBJC_MSGSEND = YES;
				ENABLE_TESTABILITY = YES;
				ENABLE_USER_SCRIPT_SANDBOXING = YES;
				GCC_C_LANGUAGE_STANDARD = gnu17;
				GCC_DYNAMIC_NO_PIC = NO;
				GCC_NO_COMMON_BLOCKS = YES;
				GCC_OPTIMIZATION_LEVEL = 0;
				GCC_PREPROCESSOR_DEFINITIONS = (
					"DEBUG=1",
					"$(inherited)",
				);
				GCC_WARN_64_TO_32_BIT_CONVERSION = YES;
				GCC_WARN_ABOUT_RETURN_TYPE = YES_ERROR;
				GCC_WARN_UNDECLARED_SELECTOR = YES;
				GCC_WARN_UNINITIALIZED_AUTOS = YES_AGGRESSIVE;
				GCC_WARN_UNUSED_FUNCTION = YES;
				GCC_WARN_UNUSED_VARIABLE = YES;
				IPHONEOS_DEPLOYMENT_TARGET = 17.5;
				LOCALIZATION_PREFERS_STRING_CATALOGS = YES;
				MTL_ENABLE_DEBUG_INFO = INCLUDE_SOURCE;
				MTL_FAST_MATH = YES;
				ONLY_ACTIVE_ARCH = YES;
				SDKROOT = iphoneos;
				SWIFT_ACTIVE_COMPILATION_CONDITIONS = "DEBUG $(inherited)";
				SWIFT_OPTIMIZATION_LEVEL = "-Onone";
			};
			name = Debug;
		};
		2AF9998A2C6F9D24006C9F68 /* Release */ = {
			isa = XCBuildConfiguration;
			buildSettings = {
				ALWAYS_SEARCH_USER_PATHS = NO;
				ASSETCATALOG_COMPILER_GENERATE_SWIFT_ASSET_SYMBOL_EXTENSIONS = YES;
				CLANG_ANALYZER_NONNULL = YES;
				CLANG_ANALYZER_NUMBER_OBJECT_CONVERSION = YES_AGGRESSIVE;
				CLANG_CXX_LANGUAGE_STANDARD = "gnu++20";
				CLANG_ENABLE_MODULES = YES;
				CLANG_ENABLE_OBJC_ARC = YES;
				CLANG_ENABLE_OBJC_WEAK = YES;
				CLANG_WARN_BLOCK_CAPTURE_AUTORELEASING = YES;
				CLANG_WARN_BOOL_CONVERSION = YES;
				CLANG_WARN_COMMA = YES;
				CLANG_WARN_CONSTANT_CONVERSION = YES;
				CLANG_WARN_DEPRECATED_OBJC_IMPLEMENTATIONS = YES;
				CLANG_WARN_DIRECT_OBJC_ISA_USAGE = YES_ERROR;
				CLANG_WARN_DOCUMENTATION_COMMENTS = YES;
				CLANG_WARN_EMPTY_BODY = YES;
				CLANG_WARN_ENUM_CONVERSION = YES;
				CLANG_WARN_INFINITE_RECURSION = YES;
				CLANG_WARN_INT_CONVERSION = YES;
				CLANG_WARN_NON_LITERAL_NULL_CONVERSION = YES;
				CLANG_WARN_OBJC_IMPLICIT_RETAIN_SELF = YES;
				CLANG_WARN_OBJC_LITERAL_CONVERSION = YES;
				CLANG_WARN_OBJC_ROOT_CLASS = YES_ERROR;
				CLANG_WARN_QUOTED_INCLUDE_IN_FRAMEWORK_HEADER = YES;
				CLANG_WARN_RANGE_LOOP_ANALYSIS = YES;
				CLANG_WARN_STRICT_PROTOTYPES = YES;
				CLANG_WARN_SUSPICIOUS_MOVE = YES;
				CLANG_WARN_UNGUARDED_AVAILABILITY = YES_AGGRESSIVE;
				CLANG_WARN_UNREACHABLE_CODE = YES;
				CLANG_WARN__DUPLICATE_METHOD_MATCH = YES;
				COPY_PHASE_STRIP = NO;
				DEBUG_INFORMATION_FORMAT = "dwarf-with-dsym";
				ENABLE_NS_ASSERTIONS = NO;
				ENABLE_STRICT_OBJC_MSGSEND = YES;
				ENABLE_USER_SCRIPT_SANDBOXING = YES;
				GCC_C_LANGUAGE_STANDARD = gnu17;
				GCC_NO_COMMON_BLOCKS = YES;
				GCC_WARN_64_TO_32_BIT_CONVERSION = YES;
				GCC_WARN_ABOUT_RETURN_TYPE = YES_ERROR;
				GCC_WARN_UNDECLARED_SELECTOR = YES;
				GCC_WARN_UNINITIALIZED_AUTOS = YES_AGGRESSIVE;
				GCC_WARN_UNUSED_FUNCTION = YES;
				GCC_WARN_UNUSED_VARIABLE = YES;
				IPHONEOS_DEPLOYMENT_TARGET = 17.5;
				LOCALIZATION_PREFERS_STRING_CATALOGS = YES;
				MTL_ENABLE_DEBUG_INFO = NO;
				MTL_FAST_MATH = YES;
				SDKROOT = iphoneos;
				SWIFT_COMPILATION_MODE = wholemodule;
				VALIDATE_PRODUCT = YES;
			};
			name = Release;
		};
		2AF9998C2C6F9D24006C9F68 /* Debug */ = {
			isa = XCBuildConfiguration;
			buildSettings = {
				ASSETCATALOG_COMPILER_APPICON_NAME = AppIcon;
				ASSETCATALOG_COMPILER_GLOBAL_ACCENT_COLOR_NAME = AccentColor;
				CODE_SIGN_STYLE = Automatic;
				CURRENT_PROJECT_VERSION = 1;
				DEVELOPMENT_TEAM = AL7BJMLTVZ;
				GENERATE_INFOPLIST_FILE = YES;
				INFOPLIST_FILE = SteamFeeds/Info.plist;
				INFOPLIST_KEY_LSApplicationCategoryType = "public.app-category.news";
				INFOPLIST_KEY_UIApplicationSupportsIndirectInputEvents = YES;
				INFOPLIST_KEY_UILaunchStoryboardName = LaunchScreen;
				INFOPLIST_KEY_UIMainStoryboardFile = Main;
				INFOPLIST_KEY_UISupportedInterfaceOrientations = UIInterfaceOrientationPortrait;
				INFOPLIST_KEY_UISupportedInterfaceOrientations_iPad = "UIInterfaceOrientationLandscapeLeft UIInterfaceOrientationLandscapeRight UIInterfaceOrientationPortrait UIInterfaceOrientationPortraitUpsideDown";
				LD_RUNPATH_SEARCH_PATHS = (
					"$(inherited)",
					"@executable_path/Frameworks",
				);
				MARKETING_VERSION = 1.0;
				PRODUCT_BUNDLE_IDENTIFIER = com.thangnq16.SteamFeeds;
				PRODUCT_NAME = "$(TARGET_NAME)";
				SUPPORTED_PLATFORMS = "iphoneos iphonesimulator";
				SUPPORTS_MACCATALYST = NO;
				SUPPORTS_MAC_DESIGNED_FOR_IPHONE_IPAD = NO;
				SUPPORTS_XR_DESIGNED_FOR_IPHONE_IPAD = NO;
				SWIFT_EMIT_LOC_STRINGS = YES;
				SWIFT_VERSION = 5.0;
				TARGETED_DEVICE_FAMILY = 1;
			};
			name = Debug;
		};
		2AF9998D2C6F9D24006C9F68 /* Release */ = {
			isa = XCBuildConfiguration;
			buildSettings = {
				ASSETCATALOG_COMPILER_APPICON_NAME = AppIcon;
				ASSETCATALOG_COMPILER_GLOBAL_ACCENT_COLOR_NAME = AccentColor;
				CODE_SIGN_STYLE = Automatic;
				CURRENT_PROJECT_VERSION = 1;
				DEVELOPMENT_TEAM = AL7BJMLTVZ;
				GENERATE_INFOPLIST_FILE = YES;
				INFOPLIST_FILE = SteamFeeds/Info.plist;
				INFOPLIST_KEY_LSApplicationCategoryType = "public.app-category.news";
				INFOPLIST_KEY_UIApplicationSupportsIndirectInputEvents = YES;
				INFOPLIST_KEY_UILaunchStoryboardName = LaunchScreen;
				INFOPLIST_KEY_UIMainStoryboardFile = Main;
				INFOPLIST_KEY_UISupportedInterfaceOrientations = UIInterfaceOrientationPortrait;
				INFOPLIST_KEY_UISupportedInterfaceOrientations_iPad = "UIInterfaceOrientationLandscapeLeft UIInterfaceOrientationLandscapeRight UIInterfaceOrientationPortrait UIInterfaceOrientationPortraitUpsideDown";
				LD_RUNPATH_SEARCH_PATHS = (
					"$(inherited)",
					"@executable_path/Frameworks",
				);
				MARKETING_VERSION = 1.0;
				PRODUCT_BUNDLE_IDENTIFIER = com.thangnq16.SteamFeeds;
				PRODUCT_NAME = "$(TARGET_NAME)";
				SUPPORTED_PLATFORMS = "iphoneos iphonesimulator";
				SUPPORTS_MACCATALYST = NO;
				SUPPORTS_MAC_DESIGNED_FOR_IPHONE_IPAD = NO;
				SUPPORTS_XR_DESIGNED_FOR_IPHONE_IPAD = NO;
				SWIFT_EMIT_LOC_STRINGS = YES;
				SWIFT_VERSION = 5.0;
				TARGETED_DEVICE_FAMILY = 1;
			};
			name = Release;
		};
/* End XCBuildConfiguration section */

/* Begin XCConfigurationList section */
		2AF9996F2C6F9D23006C9F68 /* Build configuration list for PBXProject "SteamFeeds" */ = {
			isa = XCConfigurationList;
			buildConfigurations = (
				2AF999892C6F9D24006C9F68 /* Debug */,
				2AF9998A2C6F9D24006C9F68 /* Release */,
			);
			defaultConfigurationIsVisible = 0;
			defaultConfigurationName = Release;
		};
		2AF9998B2C6F9D24006C9F68 /* Build configuration list for PBXNativeTarget "SteamFeeds" */ = {
			isa = XCConfigurationList;
			buildConfigurations = (
				2AF9998C2C6F9D24006C9F68 /* Debug */,
				2AF9998D2C6F9D24006C9F68 /* Release */,
			);
			defaultConfigurationIsVisible = 0;
			defaultConfigurationName = Release;
		};
/* End XCConfigurationList section */

/* Begin XCVersionGroup section */
		2AF999802C6F9D23006C9F68 /* SteamFeeds.xcdatamodeld */ = {
			isa = XCVersionGroup;
			children = (
				2AF999812C6F9D23006C9F68 /* SteamFeeds.xcdatamodel */,
			);
			currentVersion = 2AF999812C6F9D23006C9F68 /* SteamFeeds.xcdatamodel */;
			path = SteamFeeds.xcdatamodeld;
			sourceTree = "<group>";
			versionGroupType = wrapper.xcdatamodel;
		};
/* End XCVersionGroup section */
	};
	rootObject = 2AF9996C2C6F9D23006C9F68 /* Project object */;
}
